
Microsoft Visual Studio Solution File, Format Version 12.00
# Visual Studio Version 16
VisualStudioVersion = 16.0.32106.194
MinimumVisualStudioVersion = 10.0.40219.1
Project("{9A19103F-16F7-4668-BE54-9A1E7A4F7556}") = "Project4", "Project3\Project4.csproj", "{DBBE120E-D44B-47CB-93CC-A66A926DABF2}"
EndProject
Project("{9A19103F-16F7-4668-BE54-9A1E7A4F7556}") = "MortgageCalculator", "MortgageCalculator\MortgageCalculator.csproj", "{82C85BD0-9048-490D-A39C-3AB55292F841}"
EndProject
Project("{9A19103F-16F7-4668-BE54-9A1E7A4F7556}") = "UnitTestMortgageCalc", "UnitTestMortgageCalc\UnitTestMortgageCalc.csproj", "{1B4CA8CA-4D1D-4351-A6BD-760409AB1CD5}"
EndProject
Project("{FAE04EC0-301F-11D3-BF4B-00C04F79EFBC}") = "MortgageHelperCoreWebAPI", "MortgageHelperCoreWebAPI\MortgageHelperCoreWebAPI.csproj", "{6795D2F6-253F-44EB-8DD6-C5A3F57C122E}"
EndProject
Global
	GlobalSection(SolutionConfigurationPlatforms) = preSolution
		Debug|Any CPU = Debug|Any CPU
		Release|Any CPU = Release|Any CPU
	EndGlobalSection
	GlobalSection(ProjectConfigurationPlatforms) = postSolution
		{DBBE120E-D44B-47CB-93CC-A66A926DABF2}.Debug|Any CPU.ActiveCfg = Debug|Any CPU
		{DBBE120E-D44B-47CB-93CC-A66A926DABF2}.Debug|Any CPU.Build.0 = Debug|Any CPU
		{DBBE120E-D44B-47CB-93CC-A66A926DABF2}.Release|Any CPU.ActiveCfg = Release|Any CPU
		{DBBE120E-D44B-47CB-93CC-A66A926DABF2}.Release|Any CPU.Build.0 = Release|Any CPU
		{82C85BD0-9048-490D-A39C-3AB55292F841}.Debug|Any CPU.ActiveCfg = Debug|Any CPU
		{82C85BD0-9048-490D-A39C-3AB55292F841}.Debug|Any CPU.Build.0 = Debug|Any CPU
		{82C85BD0-9048-490D-A39C-3AB55292F841}.Release|Any CPU.ActiveCfg = Release|Any CPU
		{82C85BD0-9048-490D-A39C-3AB55292F841}.Release|Any CPU.Build.0 = Release|Any CPU
		{1B4CA8CA-4D1D-4351-A6BD-760409AB1CD5}.Debug|Any CPU.ActiveCfg = Debug|Any CPU
		{1B4CA8CA-4D1D-4351-A6BD-760409AB1CD5}.Debug|Any CPU.Build.0 = Debug|Any CPU
		{1B4CA8CA-4D1D-4351-A6BD-760409AB1CD5}.Release|Any CPU.ActiveCfg = Release|Any CPU
		{1B4CA8CA-4D1D-4351-A6BD-760409AB1CD5}.Release|Any CPU.Build.0 = Release|Any CPU
		{6795D2F6-253F-44EB-8DD6-C5A3F57C122E}.Debug|Any CPU.ActiveCfg = Debug|Any CPU
		{6795D2F6-253F-44EB-8DD6-C5A3F57C122E}.Debug|Any CPU.Build.0 = Debug|Any CPU
		{6795D2F6-253F-44EB-8DD6-C5A3F57C122E}.Release|Any CPU.ActiveCfg = Release|Any CPU
		{6795D2F6-253F-44EB-8DD6-C5A3F57C122E}.Release|Any CPU.Build.0 = Release|Any CPU
	EndGlobalSection
	GlobalSection(SolutionProperties) = preSolution
		HideSolutionNode = FALSE
	EndGlobalSection
	GlobalSection(ExtensibilityGlobals) = postSolution
		SolutionGuid = {C4C423BD-1833-4CB5-B7EB-594542C6DE77}
	EndGlobalSection
EndGlobal
